// !$*UTF8*$!
{
	archiveVersion = 1;
	classes = {
	};
	objectVersion = 55;
	objects = {

/* Begin PBXBuildFile section */
		6815248F27CF6356004F5F1A /* AppDelegate.swift in Sources */ = {isa = PBXBuildFile; fileRef = 6815248E27CF6356004F5F1A /* AppDelegate.swift */; };
		6815249127CF6356004F5F1A /* SceneDelegate.swift in Sources */ = {isa = PBXBuildFile; fileRef = 6815249027CF6356004F5F1A /* SceneDelegate.swift */; };
		6815249627CF6356004F5F1A /* Main.storyboard in Resources */ = {isa = PBXBuildFile; fileRef = 6815249427CF6356004F5F1A /* Main.storyboard */; };
		6815249827CF6358004F5F1A /* Assets.xcassets in Resources */ = {isa = PBXBuildFile; fileRef = 6815249727CF6358004F5F1A /* Assets.xcassets */; };
		6815249B27CF6358004F5F1A /* LaunchScreen.storyboard in Resources */ = {isa = PBXBuildFile; fileRef = 6815249927CF6358004F5F1A /* LaunchScreen.storyboard */; };
		681524A427CF65BF004F5F1A /* Utilities.swift in Sources */ = {isa = PBXBuildFile; fileRef = 681524A327CF65BF004F5F1A /* Utilities.swift */; };
		681524A827CF6FA9004F5F1A /* ImageGalleryDocumentTableViewController.swift in Sources */ = {isa = PBXBuildFile; fileRef = 681524A727CF6FA9004F5F1A /* ImageGalleryDocumentTableViewController.swift */; };
		681524AA27CF8FF9004F5F1A /* ImageGalleryCollectionViewController.swift in Sources */ = {isa = PBXBuildFile; fileRef = 681524A927CF8FF9004F5F1A /* ImageGalleryCollectionViewController.swift */; };
		681524AE27D4B7EB004F5F1A /* ImageCollectionViewCell.swift in Sources */ = {isa = PBXBuildFile; fileRef = 681524AD27D4B7EB004F5F1A /* ImageCollectionViewCell.swift */; };
		6843658427E087EF00DF5DAC /* ImageViewController.swift in Sources */ = {isa = PBXBuildFile; fileRef = 6843658327E087EF00DF5DAC /* ImageViewController.swift */; };
		68A48FE327D65BF3009AA2AA /* Photo.swift in Sources */ = {isa = PBXBuildFile; fileRef = 68A48FE227D65BF3009AA2AA /* Photo.swift */; };
		68D75E4327E0E63700DC0562 /* MyTableViewCell.swift in Sources */ = {isa = PBXBuildFile; fileRef = 68D75E4227E0E63700DC0562 /* MyTableViewCell.swift */; };
		68D974AA27DF6BE100B4F950 /* GalleryNamesTableModel.swift in Sources */ = {isa = PBXBuildFile; fileRef = 68D974A927DF6BE100B4F950 /* GalleryNamesTableModel.swift */; };
		68D974B027DF7DEA00B4F950 /* Section.swift in Sources */ = {isa = PBXBuildFile; fileRef = 68D974AF27DF7DEA00B4F950 /* Section.swift */; };
		68FCDF7127DE04BA00600361 /* ImageGallery.swift in Sources */ = {isa = PBXBuildFile; fileRef = 68FCDF7027DE04BA00600361 /* ImageGallery.swift */; };
/* End PBXBuildFile section */

/* Begin PBXFileReference section */
		6815248B27CF6356004F5F1A /* Exercise5.app */ = {isa = PBXFileReference; explicitFileType = wrapper.application; includeInIndex = 0; path = Exercise5.app; sourceTree = BUILT_PRODUCTS_DIR; };
		6815248E27CF6356004F5F1A /* AppDelegate.swift */ = {isa = PBXFileReference; lastKnownFileType = sourcecode.swift; path = AppDelegate.swift; sourceTree = "<group>"; };
		6815249027CF6356004F5F1A /* SceneDelegate.swift */ = {isa = PBXFileReference; lastKnownFileType = sourcecode.swift; path = SceneDelegate.swift; sourceTree = "<group>"; };
		6815249527CF6356004F5F1A /* Base */ = {isa = PBXFileReference; lastKnownFileType = file.storyboard; name = Base; path = Base.lproj/Main.storyboard; sourceTree = "<group>"; };
		6815249727CF6358004F5F1A /* Assets.xcassets */ = {isa = PBXFileReference; lastKnownFileType = folder.assetcatalog; path = Assets.xcassets; sourceTree = "<group>"; };
		6815249A27CF6358004F5F1A /* Base */ = {isa = PBXFileReference; lastKnownFileType = file.storyboard; name = Base; path = Base.lproj/LaunchScreen.storyboard; sourceTree = "<group>"; };
		6815249C27CF6358004F5F1A /* Info.plist */ = {isa = PBXFileReference; lastKnownFileType = text.plist.xml; path = Info.plist; sourceTree = "<group>"; };
		681524A327CF65BF004F5F1A /* Utilities.swift */ = {isa = PBXFileReference; lastKnownFileType = sourcecode.swift; path = Utilities.swift; sourceTree = "<group>"; };
		681524A727CF6FA9004F5F1A /* ImageGalleryDocumentTableViewController.swift */ = {isa = PBXFileReference; lastKnownFileType = sourcecode.swift; path = ImageGalleryDocumentTableViewController.swift; sourceTree = "<group>"; };
		681524A927CF8FF9004F5F1A /* ImageGalleryCollectionViewController.swift */ = {isa = PBXFileReference; lastKnownFileType = sourcecode.swift; path = ImageGalleryCollectionViewController.swift; sourceTree = "<group>"; };
		681524AD27D4B7EB004F5F1A /* ImageCollectionViewCell.swift */ = {isa = PBXFileReference; lastKnownFileType = sourcecode.swift; path = ImageCollectionViewCell.swift; sourceTree = "<group>"; };
		6843658327E087EF00DF5DAC /* ImageViewController.swift */ = {isa = PBXFileReference; lastKnownFileType = sourcecode.swift; path = ImageViewController.swift; sourceTree = "<group>"; };
		68A48FE227D65BF3009AA2AA /* Photo.swift */ = {isa = PBXFileReference; lastKnownFileType = sourcecode.swift; path = Photo.swift; sourceTree = "<group>"; };
		68D75E4227E0E63700DC0562 /* MyTableViewCell.swift */ = {isa = PBXFileReference; lastKnownFileType = sourcecode.swift; path = MyTableViewCell.swift; sourceTree = "<group>"; };
		68D974A927DF6BE100B4F950 /* GalleryNamesTableModel.swift */ = {isa = PBXFileReference; lastKnownFileType = sourcecode.swift; path = GalleryNamesTableModel.swift; sourceTree = "<group>"; };
		68D974AF27DF7DEA00B4F950 /* Section.swift */ = {isa = PBXFileReference; lastKnownFileType = sourcecode.swift; path = Section.swift; sourceTree = "<group>"; };
		68FCDF7027DE04BA00600361 /* ImageGallery.swift */ = {isa = PBXFileReference; lastKnownFileType = sourcecode.swift; path = ImageGallery.swift; sourceTree = "<group>"; };
/* End PBXFileReference section */

/* Begin PBXFrameworksBuildPhase section */
		6815248827CF6356004F5F1A /* Frameworks */ = {
			isa = PBXFrameworksBuildPhase;
			buildActionMask = 2147483647;
			files = (
			);
			runOnlyForDeploymentPostprocessing = 0;
		};
/* End PBXFrameworksBuildPhase section */

/* Begin PBXGroup section */
		6815248227CF6356004F5F1A = {
			isa = PBXGroup;
			children = (
				6815248D27CF6356004F5F1A /* Exercise5 */,
				6815248C27CF6356004F5F1A /* Products */,
			);
			sourceTree = "<group>";
		};
		6815248C27CF6356004F5F1A /* Products */ = {
			isa = PBXGroup;
			children = (
				6815248B27CF6356004F5F1A /* Exercise5.app */,
			);
			name = Products;
			sourceTree = "<group>";
		};
		6815248D27CF6356004F5F1A /* Exercise5 */ = {
			isa = PBXGroup;
			children = (
				681524A227CF653E004F5F1A /* Supporting Files */,
				6815249027CF6356004F5F1A /* SceneDelegate.swift */,
				6815249427CF6356004F5F1A /* Main.storyboard */,
				681524A927CF8FF9004F5F1A /* ImageGalleryCollectionViewController.swift */,
				681524AD27D4B7EB004F5F1A /* ImageCollectionViewCell.swift */,
				68FCDF7027DE04BA00600361 /* ImageGallery.swift */,
				68A48FE227D65BF3009AA2AA /* Photo.swift */,
				6843658327E087EF00DF5DAC /* ImageViewController.swift */,
				681524A727CF6FA9004F5F1A /* ImageGalleryDocumentTableViewController.swift */,
				68D75E4227E0E63700DC0562 /* MyTableViewCell.swift */,
				68D974A927DF6BE100B4F950 /* GalleryNamesTableModel.swift */,
				68D974AF27DF7DEA00B4F950 /* Section.swift */,
				681524A327CF65BF004F5F1A /* Utilities.swift */,
				6815249C27CF6358004F5F1A /* Info.plist */,
			);
			path = Exercise5;
			sourceTree = "<group>";
		};
		681524A227CF653E004F5F1A /* Supporting Files */ = {
			isa = PBXGroup;
			children = (
				6815248E27CF6356004F5F1A /* AppDelegate.swift */,
				6815249727CF6358004F5F1A /* Assets.xcassets */,
				6815249927CF6358004F5F1A /* LaunchScreen.storyboard */,
			);
			path = "Supporting Files";
			sourceTree = "<group>";
		};
/* End PBXGroup section */

/* Begin PBXNativeTarget section */
		6815248A27CF6356004F5F1A /* Exercise5 */ = {
			isa = PBXNativeTarget;
			buildConfigurationList = 6815249F27CF6358004F5F1A /* Build configuration list for PBXNativeTarget "Exercise5" */;
			buildPhases = (
				6815248727CF6356004F5F1A /* Sources */,
				6815248827CF6356004F5F1A /* Frameworks */,
				6815248927CF6356004F5F1A /* Resources */,
			);
			buildRules = (
			);
			dependencies = (
			);
			name = Exercise5;
			productName = Exercise5;
			productReference = 6815248B27CF6356004F5F1A /* Exercise5.app */;
			productType = "com.apple.product-type.application";
		};
/* End PBXNativeTarget section */

/* Begin PBXProject section */
		6815248327CF6356004F5F1A /* Project object */ = {
			isa = PBXProject;
			attributes = {
				BuildIndependentTargetsInParallel = 1;
				LastSwiftUpdateCheck = 1300;
				LastUpgradeCheck = 1300;
				TargetAttributes = {
					6815248A27CF6356004F5F1A = {
						CreatedOnToolsVersion = 13.0;
					};
				};
			};
			buildConfigurationList = 6815248627CF6356004F5F1A /* Build configuration list for PBXProject "Exercise5" */;
			compatibilityVersion = "Xcode 13.0";
			developmentRegion = en;
			hasScannedForEncodings = 0;
			knownRegions = (
				en,
				Base,
			);
			mainGroup = 6815248227CF6356004F5F1A;
			productRefGroup = 6815248C27CF6356004F5F1A /* Products */;
			projectDirPath = "";
			projectRoot = "";
			targets = (
				6815248A27CF6356004F5F1A /* Exercise5 */,
			);
		};
/* End PBXProject section */

/* Begin PBXResourcesBuildPhase section */
		6815248927CF6356004F5F1A /* Resources */ = {
			isa = PBXResourcesBuildPhase;
			buildActionMask = 2147483647;
			files = (
				6815249B27CF6358004F5F1A /* LaunchScreen.storyboard in Resources */,
				6815249827CF6358004F5F1A /* Assets.xcassets in Resources */,
				6815249627CF6356004F5F1A /* Main.storyboard in Resources */,
			);
			runOnlyForDeploymentPostprocessing = 0;
		};
/* End PBXResourcesBuildPhase section */

/* Begin PBXSourcesBuildPhase section */
		6815248727CF6356004F5F1A /* Sources */ = {
			isa = PBXSourcesBuildPhase;
			buildActionMask = 2147483647;
			files = (
				68FCDF7127DE04BA00600361 /* ImageGallery.swift in Sources */,
				68A48FE327D65BF3009AA2AA /* Photo.swift in Sources */,
				6815248F27CF6356004F5F1A /* AppDelegate.swift in Sources */,
				681524A827CF6FA9004F5F1A /* ImageGalleryDocumentTableViewController.swift in Sources */,
				68D974B027DF7DEA00B4F950 /* Section.swift in Sources */,
				68D75E4327E0E63700DC0562 /* MyTableViewCell.swift in Sources */,
				681524AE27D4B7EB004F5F1A /* ImageCollectionViewCell.swift in Sources */,
				681524AA27CF8FF9004F5F1A /* ImageGalleryCollectionViewController.swift in Sources */,
				681524A427CF65BF004F5F1A /* Utilities.swift in Sources */,
				68D974AA27DF6BE100B4F950 /* GalleryNamesTableModel.swift in Sources */,
				6843658427E087EF00DF5DAC /* ImageViewController.swift in Sources */,
				6815249127CF6356004F5F1A /* SceneDelegate.swift in Sources */,
			);
			runOnlyForDeploymentPostprocessing = 0;
		};
/* End PBXSourcesBuildPhase section */

/* Begin PBXVariantGroup section */
		6815249427CF6356004F5F1A /* Main.storyboard */ = {
			isa = PBXVariantGroup;
			children = (
				6815249527CF6356004F5F1A /* Base */,
			);
			name = Main.storyboard;
			sourceTree = "<group>";
		};
		6815249927CF6358004F5F1A /* LaunchScreen.storyboard */ = {
			isa = PBXVariantGroup;
			children = (
				6815249A27CF6358004F5F1A /* Base */,
			);
			name = LaunchScreen.storyboard;
			sourceTree = "<group>";
		};
/* End PBXVariantGroup section */

/* Begin XCBuildConfiguration section */
		6815249D27CF6358004F5F1A /* Debug */ = {
			isa = XCBuildConfiguration;
			buildSettings = {
				ALWAYS_SEARCH_USER_PATHS = NO;
				CLANG_ANALYZER_NONNULL = YES;
				CLANG_ANALYZER_NUMBER_OBJECT_CONVERSION = YES_AGGRESSIVE;
				CLANG_CXX_LANGUAGE_STANDARD = "gnu++17";
				CLANG_CXX_LIBRARY = "libc++";
				CLANG_ENABLE_MODULES = YES;
				CLANG_ENABLE_OBJC_ARC = YES;
				CLANG_ENABLE_OBJC_WEAK = YES;
				CLANG_WARN_BLOCK_CAPTURE_AUTORELEASING = YES;
				CLANG_WARN_BOOL_CONVERSION = YES;
				CLANG_WARN_COMMA = YES;
				CLANG_WARN_CONSTANT_CONVERSION = YES;
				CLANG_WARN_DEPRECATED_OBJC_IMPLEMENTATIONS = YES;
				CLANG_WARN_DIRECT_OBJC_ISA_USAGE = YES_ERROR;
				CLANG_WARN_DOCUMENTATION_COMMENTS = YES;
				CLANG_WARN_EMPTY_BODY = YES;
				CLANG_WARN_ENUM_CONVERSION = YES;
				CLANG_WARN_INFINITE_RECURSION = YES;
				CLANG_WARN_INT_CONVERSION = YES;
				CLANG_WARN_NON_LITERAL_NULL_CONVERSION = YES;
				CLANG_WARN_OBJC_IMPLICIT_RETAIN_SELF = YES;
				CLANG_WARN_OBJC_LITERAL_CONVERSION = YES;
				CLANG_WARN_OBJC_ROOT_CLASS = YES_ERROR;
				CLANG_WARN_QUOTED_INCLUDE_IN_FRAMEWORK_HEADER = YES;
				CLANG_WARN_RANGE_LOOP_ANALYSIS = YES;
				CLANG_WARN_STRICT_PROTOTYPES = YES;
				CLANG_WARN_SUSPICIOUS_MOVE = YES;
				CLANG_WARN_UNGUARDED_AVAILABILITY = YES_AGGRESSIVE;
				CLANG_WARN_UNREACHABLE_CODE = YES;
				CLANG_WARN__DUPLICATE_METHOD_MATCH = YES;
				COPY_PHASE_STRIP = NO;
				DEBUG_INFORMATION_FORMAT = dwarf;
				ENABLE_STRICT_OBJC_MSGSEND = YES;
				ENABLE_TESTABILITY = YES;
				GCC_C_LANGUAGE_STANDARD = gnu11;
				GCC_DYNAMIC_NO_PIC = NO;
				GCC_NO_COMMON_BLOCKS = YES;
				GCC_OPTIMIZATION_LEVEL = 0;
				GCC_PREPROCESSOR_DEFINITIONS = (
					"DEBUG=1",
					"$(inherited)",
				);
				GCC_WARN_64_TO_32_BIT_CONVERSION = YES;
				GCC_WARN_ABOUT_RETURN_TYPE = YES_ERROR;
				GCC_WARN_UNDECLARED_SELECTOR = YES;
				GCC_WARN_UNINITIALIZED_AUTOS = YES_AGGRESSIVE;
				GCC_WARN_UNUSED_FUNCTION = YES;
				GCC_WARN_UNUSED_VARIABLE = YES;
				IPHONEOS_DEPLOYMENT_TARGET = 15.0;
				MTL_ENABLE_DEBUG_INFO = INCLUDE_SOURCE;
				MTL_FAST_MATH = YES;
				ONLY_ACTIVE_ARCH = YES;
				SDKROOT = iphoneos;
				SWIFT_ACTIVE_COMPILATION_CONDITIONS = DEBUG;
				SWIFT_OPTIMIZATION_LEVEL = "-Onone";
			};
			name = Debug;
		};
		6815249E27CF6358004F5F1A /* Release */ = {
			isa = XCBuildConfiguration;
			buildSettings = {
				ALWAYS_SEARCH_USER_PATHS = NO;
				CLANG_ANALYZER_NONNULL = YES;
				CLANG_ANALYZER_NUMBER_OBJECT_CONVERSION = YES_AGGRESSIVE;
				CLANG_CXX_LANGUAGE_STANDARD = "gnu++17";
				CLANG_CXX_LIBRARY = "libc++";
				CLANG_ENABLE_MODULES = YES;
				CLANG_ENABLE_OBJC_ARC = YES;
				CLANG_ENABLE_OBJC_WEAK = YES;
				CLANG_WARN_BLOCK_CAPTURE_AUTORELEASING = YES;
				CLANG_WARN_BOOL_CONVERSION = YES;
				CLANG_WARN_COMMA = YES;
				CLANG_WARN_CONSTANT_CONVERSION = YES;
				CLANG_WARN_DEPRECATED_OBJC_IMPLEMENTATIONS = YES;
				CLANG_WARN_DIRECT_OBJC_ISA_USAGE = YES_ERROR;
				CLANG_WARN_DOCUMENTATION_COMMENTS = YES;
				CLANG_WARN_EMPTY_BODY = YES;
				CLANG_WARN_ENUM_CONVERSION = YES;
				CLANG_WARN_INFINITE_RECURSION = YES;
				CLANG_WARN_INT_CONVERSION = YES;
				CLANG_WARN_NON_LITERAL_NULL_CONVERSION = YES;
				CLANG_WARN_OBJC_IMPLICIT_RETAIN_SELF = YES;
				CLANG_WARN_OBJC_LITERAL_CONVERSION = YES;
				CLANG_WARN_OBJC_ROOT_CLASS = YES_ERROR;
				CLANG_WARN_QUOTED_INCLUDE_IN_FRAMEWORK_HEADER = YES;
				CLANG_WARN_RANGE_LOOP_ANALYSIS = YES;
				CLANG_WARN_STRICT_PROTOTYPES = YES;
				CLANG_WARN_SUSPICIOUS_MOVE = YES;
				CLANG_WARN_UNGUARDED_AVAILABILITY = YES_AGGRESSIVE;
				CLANG_WARN_UNREACHABLE_CODE = YES;
				CLANG_WARN__DUPLICATE_METHOD_MATCH = YES;
				COPY_PHASE_STRIP = NO;
				DEBUG_INFORMATION_FORMAT = "dwarf-with-dsym";
				ENABLE_NS_ASSERTIONS = NO;
				ENABLE_STRICT_OBJC_MSGSEND = YES;
				GCC_C_LANGUAGE_STANDARD = gnu11;
				GCC_NO_COMMON_BLOCKS = YES;
				GCC_WARN_64_TO_32_BIT_CONVERSION = YES;
				GCC_WARN_ABOUT_RETURN_TYPE = YES_ERROR;
				GCC_WARN_UNDECLARED_SELECTOR = YES;
				GCC_WARN_UNINITIALIZED_AUTOS = YES_AGGRESSIVE;
				GCC_WARN_UNUSED_FUNCTION = YES;
				GCC_WARN_UNUSED_VARIABLE = YES;
				IPHONEOS_DEPLOYMENT_TARGET = 15.0;
				MTL_ENABLE_DEBUG_INFO = NO;
				MTL_FAST_MATH = YES;
				SDKROOT = iphoneos;
				SWIFT_COMPILATION_MODE = wholemodule;
				SWIFT_OPTIMIZATION_LEVEL = "-O";
				VALIDATE_PRODUCT = YES;
			};
			name = Release;
		};
		681524A027CF6358004F5F1A /* Debug */ = {
			isa = XCBuildConfiguration;
			buildSettings = {
				ASSETCATALOG_COMPILER_APPICON_NAME = AppIcon;
				ASSETCATALOG_COMPILER_GLOBAL_ACCENT_COLOR_NAME = AccentColor;
				CODE_SIGN_STYLE = Automatic;
				CURRENT_PROJECT_VERSION = 1;
				GENERATE_INFOPLIST_FILE = YES;
				INFOPLIST_FILE = Exercise5/Info.plist;
				INFOPLIST_KEY_UIApplicationSupportsIndirectInputEvents = YES;
				INFOPLIST_KEY_UILaunchStoryboardName = LaunchScreen;
				INFOPLIST_KEY_UIMainStoryboardFile = Main;
				INFOPLIST_KEY_UISupportedInterfaceOrientations_iPad = "UIInterfaceOrientationPortrait UIInterfaceOrientationPortraitUpsideDown UIInterfaceOrientationLandscapeLeft UIInterfaceOrientationLandscapeRight";
				INFOPLIST_KEY_UISupportedInterfaceOrientations_iPhone = "UIInterfaceOrientationPortrait UIInterfaceOrientationLandscapeLeft UIInterfaceOrientationLandscapeRight";
				LD_RUNPATH_SEARCH_PATHS = (
					"$(inherited)",
					"@executable_path/Frameworks",
				);
				MARKETING_VERSION = 1.0;
				PRODUCT_BUNDLE_IDENTIFIER = com.orendinur.Exercise5;
				PRODUCT_NAME = "$(TARGET_NAME)";
				SWIFT_EMIT_LOC_STRINGS = YES;
				SWIFT_VERSION = 5.0;
				TARGETED_DEVICE_FAMILY = "1,2";
			};
			name = Debug;
		};
		681524A127CF6358004F5F1A /* Release */ = {
			isa = XCBuildConfiguration;
			buildSettings = {
				ASSETCATALOG_COMPILER_APPICON_NAME = AppIcon;
				ASSETCATALOG_COMPILER_GLOBAL_ACCENT_COLOR_NAME = AccentColor;
				CODE_SIGN_STYLE = Automatic;
				CURRENT_PROJECT_VERSION = 1;
				GENERATE_INFOPLIST_FILE = YES;
				INFOPLIST_FILE = Exercise5/Info.plist;
				INFOPLIST_KEY_UIApplicationSupportsIndirectInputEvents = YES;
				INFOPLIST_KEY_UILaunchStoryboardName = LaunchScreen;
				INFOPLIST_KEY_UIMainStoryboardFile = Main;
				INFOPLIST_KEY_UISupportedInterfaceOrientations_iPad = "UIInterfaceOrientationPortrait UIInterfaceOrientationPortraitUpsideDown UIInterfaceOrientationLandscapeLeft UIInterfaceOrientationLandscapeRight";
				INFOPLIST_KEY_UISupportedInterfaceOrientations_iPhone = "UIInterfaceOrientationPortrait UIInterfaceOrientationLandscapeLeft UIInterfaceOrientationLandscapeRight";
				LD_RUNPATH_SEARCH_PATHS = (
					"$(inherited)",
					"@executable_path/Frameworks",
				);
				MARKETING_VERSION = 1.0;
				PRODUCT_BUNDLE_IDENTIFIER = com.orendinur.Exercise5;
				PRODUCT_NAME = "$(TARGET_NAME)";
				SWIFT_EMIT_LOC_STRINGS = YES;
				SWIFT_VERSION = 5.0;
				TARGETED_DEVICE_FAMILY = "1,2";
			};
			name = Release;
		};
/* End XCBuildConfiguration section */

/* Begin XCConfigurationList section */
		6815248627CF6356004F5F1A /* Build configuration list for PBXProject "Exercise5" */ = {
			isa = XCConfigurationList;
			buildConfigurations = (
				6815249D27CF6358004F5F1A /* Debug */,
				6815249E27CF6358004F5F1A /* Release */,
			);
			defaultConfigurationIsVisible = 0;
			defaultConfigurationName = Release;
		};
		6815249F27CF6358004F5F1A /* Build configuration list for PBXNativeTarget "Exercise5" */ = {
			isa = XCConfigurationList;
			buildConfigurations = (
				681524A027CF6358004F5F1A /* Debug */,
				681524A127CF6358004F5F1A /* Release */,
			);
			defaultConfigurationIsVisible = 0;
			defaultConfigurationName = Release;
		};
/* End XCConfigurationList section */
	};
	rootObject = 6815248327CF6356004F5F1A /* Project object */;
}
